
Microsoft Visual Studio Solution File, Format Version 12.00
# Visual Studio Version 17
VisualStudioVersion = 17.4.33103.184
MinimumVisualStudioVersion = 10.0.40219.1
Project("{FAE04EC0-301F-11D3-BF4B-00C04F79EFBC}") = "HotelAutomation.WinFormUI", "HotelAutomation.WinFormUI\HotelAutomation.WinFormUI.csproj", "{A7B766A6-1009-4FDF-9C7A-FA5F8BCA3E5B}"
EndProject
Project("{FAE04EC0-301F-11D3-BF4B-00C04F79EFBC}") = "HotelAutomation.ORM", "HotelAutomation.ORM\HotelAutomation.ORM.csproj", "{C0717ADF-1941-4DDF-9744-8DB22037D4BA}"
EndProject
Global
	GlobalSection(SolutionConfigurationPlatforms) = preSolution
		Debug|Any CPU = Debug|Any CPU
		Release|Any CPU = Release|Any CPU
	EndGlobalSection
	GlobalSection(ProjectConfigurationPlatforms) = postSolution
		{A7B766A6-1009-4FDF-9C7A-FA5F8BCA3E5B}.Debug|Any CPU.ActiveCfg = Debug|Any CPU
		{A7B766A6-1009-4FDF-9C7A-FA5F8BCA3E5B}.Debug|Any CPU.Build.0 = Debug|Any CPU
		{A7B766A6-1009-4FDF-9C7A-FA5F8BCA3E5B}.Release|Any CPU.ActiveCfg = Release|Any CPU
		{A7B766A6-1009-4FDF-9C7A-FA5F8BCA3E5B}.Release|Any CPU.Build.0 = Release|Any CPU
		{C0717ADF-1941-4DDF-9744-8DB22037D4BA}.Debug|Any CPU.ActiveCfg = Debug|Any CPU
		{C0717ADF-1941-4DDF-9744-8DB22037D4BA}.Debug|Any CPU.Build.0 = Debug|Any CPU
		{C0717ADF-1941-4DDF-9744-8DB22037D4BA}.Release|Any CPU.ActiveCfg = Release|Any CPU
		{C0717ADF-1941-4DDF-9744-8DB22037D4BA}.Release|Any CPU.Build.0 = Release|Any CPU
	EndGlobalSection
	GlobalSection(SolutionProperties) = preSolution
		HideSolutionNode = FALSE
	EndGlobalSection
	GlobalSection(ExtensibilityGlobals) = postSolution
		SolutionGuid = {ABCD7EB7-630E-41BA-B473-CF2E8622643A}
	EndGlobalSection
EndGlobal
